// !$*UTF8*$!
{
	archiveVersion = 1;
	classes = {
	};
	objectVersion = 46;
	objects = {

/* Begin PBXBuildFile section */
		3F3ED8AFA7B055162C33C9C1 /* libPods.a in Frameworks */ = {isa = PBXBuildFile; fileRef = 27C4B0987A0D4CFE35629110 /* libPods.a */; };
		FA03E90D1B9DA66B0027D475 /* CHGMeCell.m in Sources */ = {isa = PBXBuildFile; fileRef = FA03E90C1B9DA66B0027D475 /* CHGMeCell.m */; };
		FA03E9101B9DA6840027D475 /* CHGSquare.m in Sources */ = {isa = PBXBuildFile; fileRef = FA03E90F1B9DA6840027D475 /* CHGSquare.m */; };
		FA1B7F8B1B9DCFED004FD879 /* NSString+CHGExtension.m in Sources */ = {isa = PBXBuildFile; fileRef = FA1B7F8A1B9DCFED004FD879 /* NSString+CHGExtension.m */; };
		FA1B7F8E1B9DD167004FD879 /* CHGClearCacheCell.m in Sources */ = {isa = PBXBuildFile; fileRef = FA1B7F8D1B9DD167004FD879 /* CHGClearCacheCell.m */; };
		FA575B961B99528800B5652F /* CHGLoginRegisterTextField.m in Sources */ = {isa = PBXBuildFile; fileRef = FA575B951B99528800B5652F /* CHGLoginRegisterTextField.m */; };
		FA5B04791B98AD9800FE4D92 /* CHGQuickLoginButton.m in Sources */ = {isa = PBXBuildFile; fileRef = FA5B04781B98AD9800FE4D92 /* CHGQuickLoginButton.m */; };
		FA6A0F9C1BA5D0B8003F2E48 /* CHGTitleButton.m in Sources */ = {isa = PBXBuildFile; fileRef = FA6A0F9B1BA5D0B8003F2E48 /* CHGTitleButton.m */; };
		FA6A0F9F1BA5DFFB003F2E48 /* CHGAllViewController.m in Sources */ = {isa = PBXBuildFile; fileRef = FA6A0F9E1BA5DFFB003F2E48 /* CHGAllViewController.m */; };
		FA6A0FA21BA5E011003F2E48 /* CHGVideoViewController.m in Sources */ = {isa = PBXBuildFile; fileRef = FA6A0FA11BA5E011003F2E48 /* CHGVideoViewController.m */; };
		FA6A0FA51BA5E023003F2E48 /* CHGVoiceViewController.m in Sources */ = {isa = PBXBuildFile; fileRef = FA6A0FA41BA5E023003F2E48 /* CHGVoiceViewController.m */; };
		FA6A0FA81BA5E038003F2E48 /* CHGPictureViewController.m in Sources */ = {isa = PBXBuildFile; fileRef = FA6A0FA71BA5E038003F2E48 /* CHGPictureViewController.m */; };
		FA6A0FAB1BA5E046003F2E48 /* CHGWordViewController.m in Sources */ = {isa = PBXBuildFile; fileRef = FA6A0FAA1BA5E046003F2E48 /* CHGWordViewController.m */; };
		FA7D4DC31B9DAF410053E39F /* CHGMeFooter.m in Sources */ = {isa = PBXBuildFile; fileRef = FA7D4DC21B9DAF410053E39F /* CHGMeFooter.m */; };
		FA7D4DC61B9DB52B0053E39F /* CHGSquareButton.m in Sources */ = {isa = PBXBuildFile; fileRef = FA7D4DC51B9DB52B0053E39F /* CHGSquareButton.m */; };
		FA7D4DCA1B9DBE430053E39F /* CHGWebViewController.m in Sources */ = {isa = PBXBuildFile; fileRef = FA7D4DC81B9DBE430053E39F /* CHGWebViewController.m */; };
		FA7D4DCB1B9DBE430053E39F /* CHGWebViewController.xib in Resources */ = {isa = PBXBuildFile; fileRef = FA7D4DC91B9DBE430053E39F /* CHGWebViewController.xib */; };
		FA8237EE1B95EC3600A4E7C8 /* CHGEssenceViewController.m in Sources */ = {isa = PBXBuildFile; fileRef = FA8237C41B95EC3600A4E7C8 /* CHGEssenceViewController.m */; };
		FA8237EF1B95EC3600A4E7C8 /* CHGTagViewController.m in Sources */ = {isa = PBXBuildFile; fileRef = FA8237C61B95EC3600A4E7C8 /* CHGTagViewController.m */; };
		FA8237F11B95EC3600A4E7C8 /* CHGMeViewController.m in Sources */ = {isa = PBXBuildFile; fileRef = FA8237D21B95EC3600A4E7C8 /* CHGMeViewController.m */; };
		FA8237F21B95EC3600A4E7C8 /* CHGSetingTableViewController.m in Sources */ = {isa = PBXBuildFile; fileRef = FA8237D41B95EC3600A4E7C8 /* CHGSetingTableViewController.m */; };
		FA8237F31B95EC3600A4E7C8 /* CHGNewViewController.m in Sources */ = {isa = PBXBuildFile; fileRef = FA8237DA1B95EC3600A4E7C8 /* CHGNewViewController.m */; };
		FA8237F41B95EC3600A4E7C8 /* AppDelegate.m in Sources */ = {isa = PBXBuildFile; fileRef = FA8237E01B95EC3600A4E7C8 /* AppDelegate.m */; };
		FA8237F51B95EC3600A4E7C8 /* main.m in Sources */ = {isa = PBXBuildFile; fileRef = FA8237E11B95EC3600A4E7C8 /* main.m */; };
		FA8237F61B95EC3600A4E7C8 /* CHGTabBarController.m in Sources */ = {isa = PBXBuildFile; fileRef = FA8237E51B95EC3600A4E7C8 /* CHGTabBarController.m */; };
		FA8237F71B95EC3600A4E7C8 /* CHGTabBar.m in Sources */ = {isa = PBXBuildFile; fileRef = FA8237E91B95EC3600A4E7C8 /* CHGTabBar.m */; };
		FA8237F81B95EC3600A4E7C8 /* UIBarButtonItem+CHGExtension.m in Sources */ = {isa = PBXBuildFile; fileRef = FA8237EB1B95EC3600A4E7C8 /* UIBarButtonItem+CHGExtension.m */; };
		FA8237F91B95EC3600A4E7C8 /* UIView+CHGExtension.m in Sources */ = {isa = PBXBuildFile; fileRef = FA8237ED1B95EC3600A4E7C8 /* UIView+CHGExtension.m */; };
		FA8237FF1B95F12D00A4E7C8 /* CHGFriendTrendsViewController.m in Sources */ = {isa = PBXBuildFile; fileRef = FA8237FD1B95F12D00A4E7C8 /* CHGFriendTrendsViewController.m */; };
		FA8238001B95F12D00A4E7C8 /* CHGFriendTrendsViewController.xib in Resources */ = {isa = PBXBuildFile; fileRef = FA8237FE1B95F12D00A4E7C8 /* CHGFriendTrendsViewController.xib */; };
		FA8238031B95F59000A4E7C8 /* CHGNavigationController.m in Sources */ = {isa = PBXBuildFile; fileRef = FA8238021B95F59000A4E7C8 /* CHGNavigationController.m */; };
		FA8238071B95F9AE00A4E7C8 /* CHGRecommendController.m in Sources */ = {isa = PBXBuildFile; fileRef = FA8238051B95F9AE00A4E7C8 /* CHGRecommendController.m */; };
		FA8238081B95F9AE00A4E7C8 /* CHGRecommendController.xib in Resources */ = {isa = PBXBuildFile; fileRef = FA8238061B95F9AE00A4E7C8 /* CHGRecommendController.xib */; };
		FA8FA77F1BA2EF6D00AAD48A /* CHGPostWordToolbar.m in Sources */ = {isa = PBXBuildFile; fileRef = FA8FA77E1BA2EF6D00AAD48A /* CHGPostWordToolbar.m */; };
		FA8FA7811BA2EF8A00AAD48A /* CHGPostWordToolbar.xib in Resources */ = {isa = PBXBuildFile; fileRef = FA8FA7801BA2EF8A00AAD48A /* CHGPostWordToolbar.xib */; };
		FA9994121B9C4EE900CF4E83 /* CHGTag.m in Sources */ = {isa = PBXBuildFile; fileRef = FA9994111B9C4EE900CF4E83 /* CHGTag.m */; };
		FA9994161B9C4F1800CF4E83 /* CHGTagViewCell.m in Sources */ = {isa = PBXBuildFile; fileRef = FA9994141B9C4F1800CF4E83 /* CHGTagViewCell.m */; };
		FA9994171B9C4F1800CF4E83 /* CHGTagViewCell.xib in Resources */ = {isa = PBXBuildFile; fileRef = FA9994151B9C4F1800CF4E83 /* CHGTagViewCell.xib */; };
		FA99941D1B9C623C00CF4E83 /* UIImage+CHGExtension.m in Sources */ = {isa = PBXBuildFile; fileRef = FA99941C1B9C623C00CF4E83 /* UIImage+CHGExtension.m */; };
		FA9994201B9C662A00CF4E83 /* UIImageView+CHGExtension.m in Sources */ = {isa = PBXBuildFile; fileRef = FA99941F1B9C662A00CF4E83 /* UIImageView+CHGExtension.m */; };
		FA9A97361B96A45E00EF0EB6 /* CHGLoginRegisterViewController.m in Sources */ = {isa = PBXBuildFile; fileRef = FA9A97341B96A45E00EF0EB6 /* CHGLoginRegisterViewController.m */; };
		FA9A97371B96A45E00EF0EB6 /* CHGLoginRegisterViewController.xib in Resources */ = {isa = PBXBuildFile; fileRef = FA9A97351B96A45E00EF0EB6 /* CHGLoginRegisterViewController.xib */; };
		FAA274621B9C8BB00086B332 /* CHGConst.m in Sources */ = {isa = PBXBuildFile; fileRef = FAA274611B9C8BB00086B332 /* CHGConst.m */; };
		FAA42F3A1B9BBF67006145C6 /* CHGRecommendCategory.m in Sources */ = {isa = PBXBuildFile; fileRef = FAA42F391B9BBF67006145C6 /* CHGRecommendCategory.m */; };
		FAA42F3E1B9BBFBD006145C6 /* CHGRecommendCategoryCell.m in Sources */ = {isa = PBXBuildFile; fileRef = FAA42F3C1B9BBFBD006145C6 /* CHGRecommendCategoryCell.m */; };
		FAA42F3F1B9BBFBD006145C6 /* CHGRecommendCategoryCell.xib in Resources */ = {isa = PBXBuildFile; fileRef = FAA42F3D1B9BBFBD006145C6 /* CHGRecommendCategoryCell.xib */; };
		FAB68B821BA04B3300110FEA /* CHGPublishViewController.m in Sources */ = {isa = PBXBuildFile; fileRef = FAB68B801BA04B3300110FEA /* CHGPublishViewController.m */; };
		FAB68B831BA04B3300110FEA /* CHGPublishViewController.xib in Resources */ = {isa = PBXBuildFile; fileRef = FAB68B811BA04B3300110FEA /* CHGPublishViewController.xib */; };
		FAB68B861BA04E3D00110FEA /* CHGPublishButton.m in Sources */ = {isa = PBXBuildFile; fileRef = FAB68B851BA04E3D00110FEA /* CHGPublishButton.m */; };
		FAC068871BA46B3D00A7EAC9 /* CHGAddTagViewController.m in Sources */ = {isa = PBXBuildFile; fileRef = FAC068861BA46B3D00A7EAC9 /* CHGAddTagViewController.m */; };
		FAC0688A1BA46ED900A7EAC9 /* UITextField+CHGExtension.m in Sources */ = {isa = PBXBuildFile; fileRef = FAC068891BA46ED900A7EAC9 /* UITextField+CHGExtension.m */; };
		FAC0688D1BA47DCF00A7EAC9 /* CHGTagButton.m in Sources */ = {isa = PBXBuildFile; fileRef = FAC0688C1BA47DCF00A7EAC9 /* CHGTagButton.m */; };
		FAC068901BA48BCA00A7EAC9 /* CHGTagTextField.m in Sources */ = {isa = PBXBuildFile; fileRef = FAC0688F1BA48BCA00A7EAC9 /* CHGTagTextField.m */; };
		FACD16DB1B95678B00339438 /* CHG_____.xcdatamodeld in Sources */ = {isa = PBXBuildFile; fileRef = FACD16D91B95678B00339438 /* CHG_____.xcdatamodeld */; };
		FACD16E31B95678B00339438 /* Images.xcassets in Resources */ = {isa = PBXBuildFile; fileRef = FACD16E21B95678B00339438 /* Images.xcassets */; };
		FACD16F21B95678B00339438 /* CHG_____Tests.m in Sources */ = {isa = PBXBuildFile; fileRef = FACD16F11B95678B00339438 /* CHG_____Tests.m */; };
		FAF1BD551BA6ECA10071C8B8 /* CHGTopicCell.m in Sources */ = {isa = PBXBuildFile; fileRef = FAF1BD531BA6ECA10071C8B8 /* CHGTopicCell.m */; };
		FAF1BD561BA6ECA10071C8B8 /* CHGTopicCell.xib in Resources */ = {isa = PBXBuildFile; fileRef = FAF1BD541BA6ECA10071C8B8 /* CHGTopicCell.xib */; };
		FAF1BD591BA6ECBC0071C8B8 /* CHGTopic.m in Sources */ = {isa = PBXBuildFile; fileRef = FAF1BD581BA6ECBC0071C8B8 /* CHGTopic.m */; };
		FAF3F0481BA1178B008B46EC /* CHGPostWordViewController.m in Sources */ = {isa = PBXBuildFile; fileRef = FAF3F0471BA1178B008B46EC /* CHGPostWordViewController.m */; };
		FAF3F04E1BA11CB7008B46EC /* CHGPlaceholderTextView.m in Sources */ = {isa = PBXBuildFile; fileRef = FAF3F04D1BA11CB7008B46EC /* CHGPlaceholderTextView.m */; };
		FAF3F0511BA15BFD008B46EC /* CHGPlaceholderTextView2.m in Sources */ = {isa = PBXBuildFile; fileRef = FAF3F0501BA15BFD008B46EC /* CHGPlaceholderTextView2.m */; };
/* End PBXBuildFile section */

/* Begin PBXContainerItemProxy section */
		FACD16EC1B95678B00339438 /* PBXContainerItemProxy */ = {
			isa = PBXContainerItemProxy;
			containerPortal = FACD16C71B95678B00339438 /* Project object */;
			proxyType = 1;
			remoteGlobalIDString = FACD16CE1B95678B00339438;
			remoteInfo = "CHG百思不得姐";
		};
/* End PBXContainerItemProxy section */

/* Begin PBXFileReference section */
		27C4B0987A0D4CFE35629110 /* libPods.a */ = {isa = PBXFileReference; explicitFileType = archive.ar; includeInIndex = 0; path = libPods.a; sourceTree = BUILT_PRODUCTS_DIR; };
		6A6276C1327175266756C8BD /* Pods.debug.xcconfig */ = {isa = PBXFileReference; includeInIndex = 1; lastKnownFileType = text.xcconfig; name = Pods.debug.xcconfig; path = "Pods/Target Support Files/Pods/Pods.debug.xcconfig"; sourceTree = "<group>"; };
		8DFE4000164BE05F311E5DDC /* Pods.release.xcconfig */ = {isa = PBXFileReference; includeInIndex = 1; lastKnownFileType = text.xcconfig; name = Pods.release.xcconfig; path = "Pods/Target Support Files/Pods/Pods.release.xcconfig"; sourceTree = "<group>"; };
		FA03E90B1B9DA66B0027D475 /* CHGMeCell.h */ = {isa = PBXFileReference; fileEncoding = 4; lastKnownFileType = sourcecode.c.h; path = CHGMeCell.h; sourceTree = "<group>"; };
		FA03E90C1B9DA66B0027D475 /* CHGMeCell.m */ = {isa = PBXFileReference; fileEncoding = 4; lastKnownFileType = sourcecode.c.objc; path = CHGMeCell.m; sourceTree = "<group>"; };
		FA03E90E1B9DA6840027D475 /* CHGSquare.h */ = {isa = PBXFileReference; fileEncoding = 4; lastKnownFileType = sourcecode.c.h; path = CHGSquare.h; sourceTree = "<group>"; };
		FA03E90F1B9DA6840027D475 /* CHGSquare.m */ = {isa = PBXFileReference; fileEncoding = 4; lastKnownFileType = sourcecode.c.objc; path = CHGSquare.m; sourceTree = "<group>"; };
		FA1B7F891B9DCFED004FD879 /* NSString+CHGExtension.h */ = {isa = PBXFileReference; fileEncoding = 4; lastKnownFileType = sourcecode.c.h; path = "NSString+CHGExtension.h"; sourceTree = "<group>"; };
		FA1B7F8A1B9DCFED004FD879 /* NSString+CHGExtension.m */ = {isa = PBXFileReference; fileEncoding = 4; lastKnownFileType = sourcecode.c.objc; path = "NSString+CHGExtension.m"; sourceTree = "<group>"; };
		FA1B7F8C1B9DD167004FD879 /* CHGClearCacheCell.h */ = {isa = PBXFileReference; fileEncoding = 4; lastKnownFileType = sourcecode.c.h; path = CHGClearCacheCell.h; sourceTree = "<group>"; };
		FA1B7F8D1B9DD167004FD879 /* CHGClearCacheCell.m */ = {isa = PBXFileReference; fileEncoding = 4; lastKnownFileType = sourcecode.c.objc; path = CHGClearCacheCell.m; sourceTree = "<group>"; wrapsLines = 0; };
		FA575B941B99528800B5652F /* CHGLoginRegisterTextField.h */ = {isa = PBXFileReference; fileEncoding = 4; lastKnownFileType = sourcecode.c.h; path = CHGLoginRegisterTextField.h; sourceTree = "<group>"; };
		FA575B951B99528800B5652F /* CHGLoginRegisterTextField.m */ = {isa = PBXFileReference; fileEncoding = 4; lastKnownFileType = sourcecode.c.objc; path = CHGLoginRegisterTextField.m; sourceTree = "<group>"; };
		FA5B04771B98AD9800FE4D92 /* CHGQuickLoginButton.h */ = {isa = PBXFileReference; fileEncoding = 4; lastKnownFileType = sourcecode.c.h; path = CHGQuickLoginButton.h; sourceTree = "<group>"; };
		FA5B04781B98AD9800FE4D92 /* CHGQuickLoginButton.m */ = {isa = PBXFileReference; fileEncoding = 4; lastKnownFileType = sourcecode.c.objc; path = CHGQuickLoginButton.m; sourceTree = "<group>"; };
		FA6A0F9A1BA5D0B8003F2E48 /* CHGTitleButton.h */ = {isa = PBXFileReference; fileEncoding = 4; lastKnownFileType = sourcecode.c.h; path = CHGTitleButton.h; sourceTree = "<group>"; };
		FA6A0F9B1BA5D0B8003F2E48 /* CHGTitleButton.m */ = {isa = PBXFileReference; fileEncoding = 4; lastKnownFileType = sourcecode.c.objc; path = CHGTitleButton.m; sourceTree = "<group>"; };
		FA6A0F9D1BA5DFFB003F2E48 /* CHGAllViewController.h */ = {isa = PBXFileReference; fileEncoding = 4; lastKnownFileType = sourcecode.c.h; path = CHGAllViewController.h; sourceTree = "<group>"; };
		FA6A0F9E1BA5DFFB003F2E48 /* CHGAllViewController.m */ = {isa = PBXFileReference; fileEncoding = 4; lastKnownFileType = sourcecode.c.objc; path = CHGAllViewController.m; sourceTree = "<group>"; };
		FA6A0FA01BA5E011003F2E48 /* CHGVideoViewController.h */ = {isa = PBXFileReference; fileEncoding = 4; lastKnownFileType = sourcecode.c.h; path = CHGVideoViewController.h; sourceTree = "<group>"; };
		FA6A0FA11BA5E011003F2E48 /* CHGVideoViewController.m */ = {isa = PBXFileReference; fileEncoding = 4; lastKnownFileType = sourcecode.c.objc; path = CHGVideoViewController.m; sourceTree = "<group>"; };
		FA6A0FA31BA5E023003F2E48 /* CHGVoiceViewController.h */ = {isa = PBXFileReference; fileEncoding = 4; lastKnownFileType = sourcecode.c.h; path = CHGVoiceViewController.h; sourceTree = "<group>"; };
		FA6A0FA41BA5E023003F2E48 /* CHGVoiceViewController.m */ = {isa = PBXFileReference; fileEncoding = 4; lastKnownFileType = sourcecode.c.objc; path = CHGVoiceViewController.m; sourceTree = "<group>"; };
		FA6A0FA61BA5E038003F2E48 /* CHGPictureViewController.h */ = {isa = PBXFileReference; fileEncoding = 4; lastKnownFileType = sourcecode.c.h; path = CHGPictureViewController.h; sourceTree = "<group>"; };
		FA6A0FA71BA5E038003F2E48 /* CHGPictureViewController.m */ = {isa = PBXFileReference; fileEncoding = 4; lastKnownFileType = sourcecode.c.objc; path = CHGPictureViewController.m; sourceTree = "<group>"; };
		FA6A0FA91BA5E046003F2E48 /* CHGWordViewController.h */ = {isa = PBXFileReference; fileEncoding = 4; lastKnownFileType = sourcecode.c.h; path = CHGWordViewController.h; sourceTree = "<group>"; };
		FA6A0FAA1BA5E046003F2E48 /* CHGWordViewController.m */ = {isa = PBXFileReference; fileEncoding = 4; lastKnownFileType = sourcecode.c.objc; path = CHGWordViewController.m; sourceTree = "<group>"; };
		FA7D4DC11B9DAF410053E39F /* CHGMeFooter.h */ = {isa = PBXFileReference; fileEncoding = 4; lastKnownFileType = sourcecode.c.h; path = CHGMeFooter.h; sourceTree = "<group>"; };
		FA7D4DC21B9DAF410053E39F /* CHGMeFooter.m */ = {isa = PBXFileReference; fileEncoding = 4; lastKnownFileType = sourcecode.c.objc; path = CHGMeFooter.m; sourceTree = "<group>"; };
		FA7D4DC41B9DB52B0053E39F /* CHGSquareButton.h */ = {isa = PBXFileReference; fileEncoding = 4; lastKnownFileType = sourcecode.c.h; path = CHGSquareButton.h; sourceTree = "<group>"; };
		FA7D4DC51B9DB52B0053E39F /* CHGSquareButton.m */ = {isa = PBXFileReference; fileEncoding = 4; lastKnownFileType = sourcecode.c.objc; path = CHGSquareButton.m; sourceTree = "<group>"; };
		FA7D4DC71B9DBE430053E39F /* CHGWebViewController.h */ = {isa = PBXFileReference; fileEncoding = 4; lastKnownFileType = sourcecode.c.h; path = CHGWebViewController.h; sourceTree = "<group>"; };
		FA7D4DC81B9DBE430053E39F /* CHGWebViewController.m */ = {isa = PBXFileReference; fileEncoding = 4; lastKnownFileType = sourcecode.c.objc; path = CHGWebViewController.m; sourceTree = "<group>"; };
		FA7D4DC91B9DBE430053E39F /* CHGWebViewController.xib */ = {isa = PBXFileReference; fileEncoding = 4; lastKnownFileType = file.xib; path = CHGWebViewController.xib; sourceTree = "<group>"; };
		FA8237C31B95EC3600A4E7C8 /* CHGEssenceViewController.h */ = {isa = PBXFileReference; fileEncoding = 4; lastKnownFileType = sourcecode.c.h; path = CHGEssenceViewController.h; sourceTree = "<group>"; };
		FA8237C41B95EC3600A4E7C8 /* CHGEssenceViewController.m */ = {isa = PBXFileReference; fileEncoding = 4; lastKnownFileType = sourcecode.c.objc; path = CHGEssenceViewController.m; sourceTree = "<group>"; };
		FA8237C51B95EC3600A4E7C8 /* CHGTagViewController.h */ = {isa = PBXFileReference; fileEncoding = 4; lastKnownFileType = sourcecode.c.h; path = CHGTagViewController.h; sourceTree = "<group>"; };
		FA8237C61B95EC3600A4E7C8 /* CHGTagViewController.m */ = {isa = PBXFileReference; fileEncoding = 4; lastKnownFileType = sourcecode.c.objc; path = CHGTagViewController.m; sourceTree = "<group>"; };
		FA8237D11B95EC3600A4E7C8 /* CHGMeViewController.h */ = {isa = PBXFileReference; fileEncoding = 4; lastKnownFileType = sourcecode.c.h; path = CHGMeViewController.h; sourceTree = "<group>"; };
		FA8237D21B95EC3600A4E7C8 /* CHGMeViewController.m */ = {isa = PBXFileReference; fileEncoding = 4; lastKnownFileType = sourcecode.c.objc; path = CHGMeViewController.m; sourceTree = "<group>"; };
		FA8237D31B95EC3600A4E7C8 /* CHGSetingTableViewController.h */ = {isa = PBXFileReference; fileEncoding = 4; lastKnownFileType = sourcecode.c.h; path = CHGSetingTableViewController.h; sourceTree = "<group>"; };
		FA8237D41B95EC3600A4E7C8 /* CHGSetingTableViewController.m */ = {isa = PBXFileReference; fileEncoding = 4; lastKnownFileType = sourcecode.c.objc; path = CHGSetingTableViewController.m; sourceTree = "<group>"; };
		FA8237D91B95EC3600A4E7C8 /* CHGNewViewController.h */ = {isa = PBXFileReference; fileEncoding = 4; lastKnownFileType = sourcecode.c.h; path = CHGNewViewController.h; sourceTree = "<group>"; };
		FA8237DA1B95EC3600A4E7C8 /* CHGNewViewController.m */ = {isa = PBXFileReference; fileEncoding = 4; lastKnownFileType = sourcecode.c.objc; path = CHGNewViewController.m; sourceTree = "<group>"; };
		FA8237DF1B95EC3600A4E7C8 /* AppDelegate.h */ = {isa = PBXFileReference; fileEncoding = 4; lastKnownFileType = sourcecode.c.h; name = AppDelegate.h; path = Category/AppDelegate.h; sourceTree = "<group>"; };
		FA8237E01B95EC3600A4E7C8 /* AppDelegate.m */ = {isa = PBXFileReference; fileEncoding = 4; lastKnownFileType = sourcecode.c.objc; name = AppDelegate.m; path = Category/AppDelegate.m; sourceTree = "<group>"; };
		FA8237E11B95EC3600A4E7C8 /* main.m */ = {isa = PBXFileReference; fileEncoding = 4; lastKnownFileType = sourcecode.c.objc; name = main.m; path = Category/main.m; sourceTree = "<group>"; };
		FA8237E21B95EC3600A4E7C8 /* PrefixHeader.pch */ = {isa = PBXFileReference; fileEncoding = 4; lastKnownFileType = sourcecode.c.h; name = PrefixHeader.pch; path = Category/PrefixHeader.pch; sourceTree = "<group>"; };
		FA8237E41B95EC3600A4E7C8 /* CHGTabBarController.h */ = {isa = PBXFileReference; fileEncoding = 4; lastKnownFileType = sourcecode.c.h; path = CHGTabBarController.h; sourceTree = "<group>"; };
		FA8237E51B95EC3600A4E7C8 /* CHGTabBarController.m */ = {isa = PBXFileReference; fileEncoding = 4; lastKnownFileType = sourcecode.c.objc; path = CHGTabBarController.m; sourceTree = "<group>"; };
		FA8237E81B95EC3600A4E7C8 /* CHGTabBar.h */ = {isa = PBXFileReference; fileEncoding = 4; lastKnownFileType = sourcecode.c.h; path = CHGTabBar.h; sourceTree = "<group>"; };
		FA8237E91B95EC3600A4E7C8 /* CHGTabBar.m */ = {isa = PBXFileReference; fileEncoding = 4; lastKnownFileType = sourcecode.c.objc; path = CHGTabBar.m; sourceTree = "<group>"; };
		FA8237EA1B95EC3600A4E7C8 /* UIBarButtonItem+CHGExtension.h */ = {isa = PBXFileReference; fileEncoding = 4; lastKnownFileType = sourcecode.c.h; name = "UIBarButtonItem+CHGExtension.h"; path = "../View/UIBarButtonItem+CHGExtension.h"; sourceTree = "<group>"; };
		FA8237EB1B95EC3600A4E7C8 /* UIBarButtonItem+CHGExtension.m */ = {isa = PBXFileReference; fileEncoding = 4; lastKnownFileType = sourcecode.c.objc; name = "UIBarButtonItem+CHGExtension.m"; path = "../View/UIBarButtonItem+CHGExtension.m"; sourceTree = "<group>"; };
		FA8237EC1B95EC3600A4E7C8 /* UIView+CHGExtension.h */ = {isa = PBXFileReference; fileEncoding = 4; lastKnownFileType = sourcecode.c.h; name = "UIView+CHGExtension.h"; path = "../View/UIView+CHGExtension.h"; sourceTree = "<group>"; };
		FA8237ED1B95EC3600A4E7C8 /* UIView+CHGExtension.m */ = {isa = PBXFileReference; fileEncoding = 4; lastKnownFileType = sourcecode.c.objc; name = "UIView+CHGExtension.m"; path = "../View/UIView+CHGExtension.m"; sourceTree = "<group>"; };
		FA8237FC1B95F12D00A4E7C8 /* CHGFriendTrendsViewController.h */ = {isa = PBXFileReference; fileEncoding = 4; lastKnownFileType = sourcecode.c.h; path = CHGFriendTrendsViewController.h; sourceTree = "<group>"; };
		FA8237FD1B95F12D00A4E7C8 /* CHGFriendTrendsViewController.m */ = {isa = PBXFileReference; fileEncoding = 4; lastKnownFileType = sourcecode.c.objc; path = CHGFriendTrendsViewController.m; sourceTree = "<group>"; };
		FA8237FE1B95F12D00A4E7C8 /* CHGFriendTrendsViewController.xib */ = {isa = PBXFileReference; fileEncoding = 4; lastKnownFileType = file.xib; path = CHGFriendTrendsViewController.xib; sourceTree = "<group>"; };
		FA8238011B95F59000A4E7C8 /* CHGNavigationController.h */ = {isa = PBXFileReference; fileEncoding = 4; lastKnownFileType = sourcecode.c.h; path = CHGNavigationController.h; sourceTree = "<group>"; };
		FA8238021B95F59000A4E7C8 /* CHGNavigationController.m */ = {isa = PBXFileReference; fileEncoding = 4; lastKnownFileType = sourcecode.c.objc; path = CHGNavigationController.m; sourceTree = "<group>"; };
		FA8238041B95F9AE00A4E7C8 /* CHGRecommendController.h */ = {isa = PBXFileReference; fileEncoding = 4; lastKnownFileType = sourcecode.c.h; path = CHGRecommendController.h; sourceTree = "<group>"; };
		FA8238051B95F9AE00A4E7C8 /* CHGRecommendController.m */ = {isa = PBXFileReference; fileEncoding = 4; lastKnownFileType = sourcecode.c.objc; path = CHGRecommendController.m; sourceTree = "<group>"; };
		FA8238061B95F9AE00A4E7C8 /* CHGRecommendController.xib */ = {isa = PBXFileReference; fileEncoding = 4; lastKnownFileType = file.xib; path = CHGRecommendController.xib; sourceTree = "<group>"; };
		FA8FA77D1BA2EF6D00AAD48A /* CHGPostWordToolbar.h */ = {isa = PBXFileReference; fileEncoding = 4; lastKnownFileType = sourcecode.c.h; path = CHGPostWordToolbar.h; sourceTree = "<group>"; };
		FA8FA77E1BA2EF6D00AAD48A /* CHGPostWordToolbar.m */ = {isa = PBXFileReference; fileEncoding = 4; lastKnownFileType = sourcecode.c.objc; path = CHGPostWordToolbar.m; sourceTree = "<group>"; };
		FA8FA7801BA2EF8A00AAD48A /* CHGPostWordToolbar.xib */ = {isa = PBXFileReference; fileEncoding = 4; lastKnownFileType = file.xib; path = CHGPostWordToolbar.xib; sourceTree = "<group>"; };
		FA9994101B9C4EE900CF4E83 /* CHGTag.h */ = {isa = PBXFileReference; fileEncoding = 4; lastKnownFileType = sourcecode.c.h; path = CHGTag.h; sourceTree = "<group>"; };
		FA9994111B9C4EE900CF4E83 /* CHGTag.m */ = {isa = PBXFileReference; fileEncoding = 4; lastKnownFileType = sourcecode.c.objc; path = CHGTag.m; sourceTree = "<group>"; };
		FA9994131B9C4F1800CF4E83 /* CHGTagViewCell.h */ = {isa = PBXFileReference; fileEncoding = 4; lastKnownFileType = sourcecode.c.h; path = CHGTagViewCell.h; sourceTree = "<group>"; };
		FA9994141B9C4F1800CF4E83 /* CHGTagViewCell.m */ = {isa = PBXFileReference; fileEncoding = 4; lastKnownFileType = sourcecode.c.objc; path = CHGTagViewCell.m; sourceTree = "<group>"; };
		FA9994151B9C4F1800CF4E83 /* CHGTagViewCell.xib */ = {isa = PBXFileReference; fileEncoding = 4; lastKnownFileType = file.xib; path = CHGTagViewCell.xib; sourceTree = "<group>"; };
		FA99941B1B9C623C00CF4E83 /* UIImage+CHGExtension.h */ = {isa = PBXFileReference; fileEncoding = 4; lastKnownFileType = sourcecode.c.h; path = "UIImage+CHGExtension.h"; sourceTree = "<group>"; };
		FA99941C1B9C623C00CF4E83 /* UIImage+CHGExtension.m */ = {isa = PBXFileReference; fileEncoding = 4; lastKnownFileType = sourcecode.c.objc; path = "UIImage+CHGExtension.m"; sourceTree = "<group>"; };
		FA99941E1B9C662A00CF4E83 /* UIImageView+CHGExtension.h */ = {isa = PBXFileReference; fileEncoding = 4; lastKnownFileType = sourcecode.c.h; path = "UIImageView+CHGExtension.h"; sourceTree = "<group>"; };
		FA99941F1B9C662A00CF4E83 /* UIImageView+CHGExtension.m */ = {isa = PBXFileReference; fileEncoding = 4; lastKnownFileType = sourcecode.c.objc; path = "UIImageView+CHGExtension.m"; sourceTree = "<group>"; };
		FA9A97331B96A45E00EF0EB6 /* CHGLoginRegisterViewController.h */ = {isa = PBXFileReference; fileEncoding = 4; lastKnownFileType = sourcecode.c.h; path = CHGLoginRegisterViewController.h; sourceTree = "<group>"; };
		FA9A97341B96A45E00EF0EB6 /* CHGLoginRegisterViewController.m */ = {isa = PBXFileReference; fileEncoding = 4; lastKnownFileType = sourcecode.c.objc; path = CHGLoginRegisterViewController.m; sourceTree = "<group>"; };
		FA9A97351B96A45E00EF0EB6 /* CHGLoginRegisterViewController.xib */ = {isa = PBXFileReference; fileEncoding = 4; lastKnownFileType = file.xib; path = CHGLoginRegisterViewController.xib; sourceTree = "<group>"; };
		FAA274601B9C8BB00086B332 /* CHGConst.h */ = {isa = PBXFileReference; fileEncoding = 4; lastKnownFileType = sourcecode.c.h; path = CHGConst.h; sourceTree = "<group>"; };
		FAA274611B9C8BB00086B332 /* CHGConst.m */ = {isa = PBXFileReference; fileEncoding = 4; lastKnownFileType = sourcecode.c.objc; path = CHGConst.m; sourceTree = "<group>"; };
		FAA42F381B9BBF67006145C6 /* CHGRecommendCategory.h */ = {isa = PBXFileReference; fileEncoding = 4; lastKnownFileType = sourcecode.c.h; path = CHGRecommendCategory.h; sourceTree = "<group>"; };
		FAA42F391B9BBF67006145C6 /* CHGRecommendCategory.m */ = {isa = PBXFileReference; fileEncoding = 4; lastKnownFileType = sourcecode.c.objc; path = CHGRecommendCategory.m; sourceTree = "<group>"; };
		FAA42F3B1B9BBFBD006145C6 /* CHGRecommendCategoryCell.h */ = {isa = PBXFileReference; fileEncoding = 4; lastKnownFileType = sourcecode.c.h; path = CHGRecommendCategoryCell.h; sourceTree = "<group>"; };
		FAA42F3C1B9BBFBD006145C6 /* CHGRecommendCategoryCell.m */ = {isa = PBXFileReference; fileEncoding = 4; lastKnownFileType = sourcecode.c.objc; path = CHGRecommendCategoryCell.m; sourceTree = "<group>"; };
		FAA42F3D1B9BBFBD006145C6 /* CHGRecommendCategoryCell.xib */ = {isa = PBXFileReference; fileEncoding = 4; lastKnownFileType = file.xib; path = CHGRecommendCategoryCell.xib; sourceTree = "<group>"; };
		FAB68B7F1BA04B3300110FEA /* CHGPublishViewController.h */ = {isa = PBXFileReference; fileEncoding = 4; lastKnownFileType = sourcecode.c.h; path = CHGPublishViewController.h; sourceTree = "<group>"; };
		FAB68B801BA04B3300110FEA /* CHGPublishViewController.m */ = {isa = PBXFileReference; fileEncoding = 4; lastKnownFileType = sourcecode.c.objc; path = CHGPublishViewController.m; sourceTree = "<group>"; };
		FAB68B811BA04B3300110FEA /* CHGPublishViewController.xib */ = {isa = PBXFileReference; fileEncoding = 4; lastKnownFileType = file.xib; path = CHGPublishViewController.xib; sourceTree = "<group>"; };
		FAB68B841BA04E3D00110FEA /* CHGPublishButton.h */ = {isa = PBXFileReference; fileEncoding = 4; lastKnownFileType = sourcecode.c.h; path = CHGPublishButton.h; sourceTree = "<group>"; };
		FAB68B851BA04E3D00110FEA /* CHGPublishButton.m */ = {isa = PBXFileReference; fileEncoding = 4; lastKnownFileType = sourcecode.c.objc; path = CHGPublishButton.m; sourceTree = "<group>"; };
		FAC068851BA46B3D00A7EAC9 /* CHGAddTagViewController.h */ = {isa = PBXFileReference; fileEncoding = 4; lastKnownFileType = sourcecode.c.h; path = CHGAddTagViewController.h; sourceTree = "<group>"; };
		FAC068861BA46B3D00A7EAC9 /* CHGAddTagViewController.m */ = {isa = PBXFileReference; fileEncoding = 4; lastKnownFileType = sourcecode.c.objc; path = CHGAddTagViewController.m; sourceTree = "<group>"; };
		FAC068881BA46ED900A7EAC9 /* UITextField+CHGExtension.h */ = {isa = PBXFileReference; fileEncoding = 4; lastKnownFileType = sourcecode.c.h; path = "UITextField+CHGExtension.h"; sourceTree = "<group>"; };
		FAC068891BA46ED900A7EAC9 /* UITextField+CHGExtension.m */ = {isa = PBXFileReference; fileEncoding = 4; lastKnownFileType = sourcecode.c.objc; path = "UITextField+CHGExtension.m"; sourceTree = "<group>"; };
		FAC0688B1BA47DCF00A7EAC9 /* CHGTagButton.h */ = {isa = PBXFileReference; fileEncoding = 4; lastKnownFileType = sourcecode.c.h; path = CHGTagButton.h; sourceTree = "<group>"; };
		FAC0688C1BA47DCF00A7EAC9 /* CHGTagButton.m */ = {isa = PBXFileReference; fileEncoding = 4; lastKnownFileType = sourcecode.c.objc; path = CHGTagButton.m; sourceTree = "<group>"; };
		FAC0688E1BA48BCA00A7EAC9 /* CHGTagTextField.h */ = {isa = PBXFileReference; fileEncoding = 4; lastKnownFileType = sourcecode.c.h; path = CHGTagTextField.h; sourceTree = "<group>"; };
		FAC0688F1BA48BCA00A7EAC9 /* CHGTagTextField.m */ = {isa = PBXFileReference; fileEncoding = 4; lastKnownFileType = sourcecode.c.objc; path = CHGTagTextField.m; sourceTree = "<group>"; };
		FACD16CF1B95678B00339438 /* CHG百思不得姐.app */ = {isa = PBXFileReference; explicitFileType = wrapper.application; includeInIndex = 0; path = "CHG百思不得姐.app"; sourceTree = BUILT_PRODUCTS_DIR; };
		FACD16D31B95678B00339438 /* Info.plist */ = {isa = PBXFileReference; lastKnownFileType = text.plist.xml; path = Info.plist; sourceTree = "<group>"; };
		FACD16DA1B95678B00339438 /* CHG_____.xcdatamodel */ = {isa = PBXFileReference; lastKnownFileType = wrapper.xcdatamodel; path = "CHG_____.xcdatamodel"; sourceTree = "<group>"; };
		FACD16E21B95678B00339438 /* Images.xcassets */ = {isa = PBXFileReference; lastKnownFileType = folder.assetcatalog; path = Images.xcassets; sourceTree = "<group>"; };
		FACD16EB1B95678B00339438 /* CHG百思不得姐Tests.xctest */ = {isa = PBXFileReference; explicitFileType = wrapper.cfbundle; includeInIndex = 0; path = "CHG百思不得姐Tests.xctest"; sourceTree = BUILT_PRODUCTS_DIR; };
		FACD16F01B95678B00339438 /* Info.plist */ = {isa = PBXFileReference; lastKnownFileType = text.plist.xml; path = Info.plist; sourceTree = "<group>"; };
		FACD16F11B95678B00339438 /* CHG_____Tests.m */ = {isa = PBXFileReference; lastKnownFileType = sourcecode.c.objc; path = "CHG_____Tests.m"; sourceTree = "<group>"; };
		FAF1BD521BA6ECA10071C8B8 /* CHGTopicCell.h */ = {isa = PBXFileReference; fileEncoding = 4; lastKnownFileType = sourcecode.c.h; path = CHGTopicCell.h; sourceTree = "<group>"; };
		FAF1BD531BA6ECA10071C8B8 /* CHGTopicCell.m */ = {isa = PBXFileReference; fileEncoding = 4; lastKnownFileType = sourcecode.c.objc; path = CHGTopicCell.m; sourceTree = "<group>"; };
		FAF1BD541BA6ECA10071C8B8 /* CHGTopicCell.xib */ = {isa = PBXFileReference; fileEncoding = 4; lastKnownFileType = file.xib; path = CHGTopicCell.xib; sourceTree = "<group>"; };
		FAF1BD571BA6ECBB0071C8B8 /* CHGTopic.h */ = {isa = PBXFileReference; fileEncoding = 4; lastKnownFileType = sourcecode.c.h; path = CHGTopic.h; sourceTree = "<group>"; };
		FAF1BD581BA6ECBC0071C8B8 /* CHGTopic.m */ = {isa = PBXFileReference; fileEncoding = 4; lastKnownFileType = sourcecode.c.objc; path = CHGTopic.m; sourceTree = "<group>"; };
		FAF3F0461BA1178B008B46EC /* CHGPostWordViewController.h */ = {isa = PBXFileReference; fileEncoding = 4; lastKnownFileType = sourcecode.c.h; path = CHGPostWordViewController.h; sourceTree = "<group>"; };
		FAF3F0471BA1178B008B46EC /* CHGPostWordViewController.m */ = {isa = PBXFileReference; fileEncoding = 4; lastKnownFileType = sourcecode.c.objc; path = CHGPostWordViewController.m; sourceTree = "<group>"; };
		FAF3F04C1BA11CB7008B46EC /* CHGPlaceholderTextView.h */ = {isa = PBXFileReference; fileEncoding = 4; lastKnownFileType = sourcecode.c.h; path = CHGPlaceholderTextView.h; sourceTree = "<group>"; };
		FAF3F04D1BA11CB7008B46EC /* CHGPlaceholderTextView.m */ = {isa = PBXFileReference; fileEncoding = 4; lastKnownFileType = sourcecode.c.objc; path = CHGPlaceholderTextView.m; sourceTree = "<group>"; };
		FAF3F04F1BA15BFD008B46EC /* CHGPlaceholderTextView2.h */ = {isa = PBXFileReference; fileEncoding = 4; lastKnownFileType = sourcecode.c.h; path = CHGPlaceholderTextView2.h; sourceTree = "<group>"; };
		FAF3F0501BA15BFD008B46EC /* CHGPlaceholderTextView2.m */ = {isa = PBXFileReference; fileEncoding = 4; lastKnownFileType = sourcecode.c.objc; path = CHGPlaceholderTextView2.m; sourceTree = "<group>"; };
/* End PBXFileReference section */

/* Begin PBXFrameworksBuildPhase section */
		FACD16CC1B95678B00339438 /* Frameworks */ = {
			isa = PBXFrameworksBuildPhase;
			buildActionMask = 2147483647;
			files = (
				3F3ED8AFA7B055162C33C9C1 /* libPods.a in Frameworks */,
			);
			runOnlyForDeploymentPostprocessing = 0;
		};
		FACD16E81B95678B00339438 /* Frameworks */ = {
			isa = PBXFrameworksBuildPhase;
			buildActionMask = 2147483647;
			files = (
			);
			runOnlyForDeploymentPostprocessing = 0;
		};
/* End PBXFrameworksBuildPhase section */

/* Begin PBXGroup section */
		1AC85A5BA1A7043A97F5BE53 /* Pods */ = {
			isa = PBXGroup;
			children = (
				6A6276C1327175266756C8BD /* Pods.debug.xcconfig */,
				8DFE4000164BE05F311E5DDC /* Pods.release.xcconfig */,
			);
			name = Pods;
			sourceTree = "<group>";
		};
		C987F3E210039E0D8D340CB8 /* Frameworks */ = {
			isa = PBXGroup;
			children = (
				27C4B0987A0D4CFE35629110 /* libPods.a */,
			);
			name = Frameworks;
			sourceTree = "<group>";
		};
		FA8237C01B95EC3600A4E7C8 /* Classes */ = {
			isa = PBXGroup;
			children = (
				FAB68B7C1BA04B0100110FEA /* Publish-发布 */,
				FA8237C11B95EC3600A4E7C8 /* Essence-精华 */,
				FA8237C91B95EC3600A4E7C8 /* FriendTrends-关注 */,
				FA8237D71B95EC3600A4E7C8 /* New-新帖 */,
				FA8237CF1B95EC3600A4E7C8 /* Me-我 */,
				FA8237DD1B95EC3600A4E7C8 /* Other-其他 */,
			);
			path = Classes;
			sourceTree = "<group>";
		};
		FA8237C11B95EC3600A4E7C8 /* Essence-精华 */ = {
			isa = PBXGroup;
			children = (
				FA8237C21B95EC3600A4E7C8 /* Controller */,
				FA8237C71B95EC3600A4E7C8 /* Model */,
				FA8237C81B95EC3600A4E7C8 /* View */,
			);
			path = "Essence-精华";
			sourceTree = "<group>";
		};
		FA8237C21B95EC3600A4E7C8 /* Controller */ = {
			isa = PBXGroup;
			children = (
				FA8237C31B95EC3600A4E7C8 /* CHGEssenceViewController.h */,
				FA8237C41B95EC3600A4E7C8 /* CHGEssenceViewController.m */,
				FA8237C51B95EC3600A4E7C8 /* CHGTagViewController.h */,
				FA8237C61B95EC3600A4E7C8 /* CHGTagViewController.m */,
				FA6A0F9D1BA5DFFB003F2E48 /* CHGAllViewController.h */,
				FA6A0F9E1BA5DFFB003F2E48 /* CHGAllViewController.m */,
				FA6A0FA01BA5E011003F2E48 /* CHGVideoViewController.h */,
				FA6A0FA11BA5E011003F2E48 /* CHGVideoViewController.m */,
				FA6A0FA31BA5E023003F2E48 /* CHGVoiceViewController.h */,
				FA6A0FA41BA5E023003F2E48 /* CHGVoiceViewController.m */,
				FA6A0FA61BA5E038003F2E48 /* CHGPictureViewController.h */,
				FA6A0FA71BA5E038003F2E48 /* CHGPictureViewController.m */,
				FA6A0FA91BA5E046003F2E48 /* CHGWordViewController.h */,
				FA6A0FAA1BA5E046003F2E48 /* CHGWordViewController.m */,
			);
			path = Controller;
			sourceTree = "<group>";
		};
		FA8237C71B95EC3600A4E7C8 /* Model */ = {
			isa = PBXGroup;
			children = (
				FA9994101B9C4EE900CF4E83 /* CHGTag.h */,
				FA9994111B9C4EE900CF4E83 /* CHGTag.m */,
				FAF1BD571BA6ECBB0071C8B8 /* CHGTopic.h */,
				FAF1BD581BA6ECBC0071C8B8 /* CHGTopic.m */,
			);
			path = Model;
			sourceTree = "<group>";
		};
		FA8237C81B95EC3600A4E7C8 /* View */ = {
			isa = PBXGroup;
			children = (
				FA9994131B9C4F1800CF4E83 /* CHGTagViewCell.h */,
				FA9994141B9C4F1800CF4E83 /* CHGTagViewCell.m */,
				FA9994151B9C4F1800CF4E83 /* CHGTagViewCell.xib */,
				FA6A0F9A1BA5D0B8003F2E48 /* CHGTitleButton.h */,
				FA6A0F9B1BA5D0B8003F2E48 /* CHGTitleButton.m */,
				FAF1BD521BA6ECA10071C8B8 /* CHGTopicCell.h */,
				FAF1BD531BA6ECA10071C8B8 /* CHGTopicCell.m */,
				FAF1BD541BA6ECA10071C8B8 /* CHGTopicCell.xib */,
			);
			path = View;
			sourceTree = "<group>";
		};
		FA8237C91B95EC3600A4E7C8 /* FriendTrends-关注 */ = {
			isa = PBXGroup;
			children = (
				FA8237CA1B95EC3600A4E7C8 /* Controller */,
				FA8237CD1B95EC3600A4E7C8 /* Model */,
				FA8237CE1B95EC3600A4E7C8 /* View */,
			);
			path = "FriendTrends-关注";
			sourceTree = "<group>";
		};
		FA8237CA1B95EC3600A4E7C8 /* Controller */ = {
			isa = PBXGroup;
			children = (
				FA8237FC1B95F12D00A4E7C8 /* CHGFriendTrendsViewController.h */,
				FA8237FD1B95F12D00A4E7C8 /* CHGFriendTrendsViewController.m */,
				FA8237FE1B95F12D00A4E7C8 /* CHGFriendTrendsViewController.xib */,
				FA9A97331B96A45E00EF0EB6 /* CHGLoginRegisterViewController.h */,
				FA9A97341B96A45E00EF0EB6 /* CHGLoginRegisterViewController.m */,
				FA9A97351B96A45E00EF0EB6 /* CHGLoginRegisterViewController.xib */,
				FA8238041B95F9AE00A4E7C8 /* CHGRecommendController.h */,
				FA8238051B95F9AE00A4E7C8 /* CHGRecommendController.m */,
				FA8238061B95F9AE00A4E7C8 /* CHGRecommendController.xib */,
			);
			path = Controller;
			sourceTree = "<group>";
		};
		FA8237CD1B95EC3600A4E7C8 /* Model */ = {
			isa = PBXGroup;
			children = (
				FAA42F381B9BBF67006145C6 /* CHGRecommendCategory.h */,
				FAA42F391B9BBF67006145C6 /* CHGRecommendCategory.m */,
			);
			path = Model;
			sourceTree = "<group>";
		};
		FA8237CE1B95EC3600A4E7C8 /* View */ = {
			isa = PBXGroup;
			children = (
				FA5B04771B98AD9800FE4D92 /* CHGQuickLoginButton.h */,
				FA5B04781B98AD9800FE4D92 /* CHGQuickLoginButton.m */,
				FA575B941B99528800B5652F /* CHGLoginRegisterTextField.h */,
				FA575B951B99528800B5652F /* CHGLoginRegisterTextField.m */,
				FAA42F3B1B9BBFBD006145C6 /* CHGRecommendCategoryCell.h */,
				FAA42F3C1B9BBFBD006145C6 /* CHGRecommendCategoryCell.m */,
				FAA42F3D1B9BBFBD006145C6 /* CHGRecommendCategoryCell.xib */,
			);
			path = View;
			sourceTree = "<group>";
		};
		FA8237CF1B95EC3600A4E7C8 /* Me-我 */ = {
			isa = PBXGroup;
			children = (
				FA8237D01B95EC3600A4E7C8 /* Controller */,
				FA8237D51B95EC3600A4E7C8 /* Model */,
				FA8237D61B95EC3600A4E7C8 /* View */,
			);
			path = "Me-我";
			sourceTree = "<group>";
		};
		FA8237D01B95EC3600A4E7C8 /* Controller */ = {
			isa = PBXGroup;
			children = (
				FA8237D11B95EC3600A4E7C8 /* CHGMeViewController.h */,
				FA8237D21B95EC3600A4E7C8 /* CHGMeViewController.m */,
				FA8237D31B95EC3600A4E7C8 /* CHGSetingTableViewController.h */,
				FA8237D41B95EC3600A4E7C8 /* CHGSetingTableViewController.m */,
				FA7D4DC71B9DBE430053E39F /* CHGWebViewController.h */,
				FA7D4DC81B9DBE430053E39F /* CHGWebViewController.m */,
				FA7D4DC91B9DBE430053E39F /* CHGWebViewController.xib */,
			);
			path = Controller;
			sourceTree = "<group>";
		};
		FA8237D51B95EC3600A4E7C8 /* Model */ = {
			isa = PBXGroup;
			children = (
				FA03E90E1B9DA6840027D475 /* CHGSquare.h */,
				FA03E90F1B9DA6840027D475 /* CHGSquare.m */,
			);
			path = Model;
			sourceTree = "<group>";
		};
		FA8237D61B95EC3600A4E7C8 /* View */ = {
			isa = PBXGroup;
			children = (
				FA03E90B1B9DA66B0027D475 /* CHGMeCell.h */,
				FA03E90C1B9DA66B0027D475 /* CHGMeCell.m */,
				FA7D4DC11B9DAF410053E39F /* CHGMeFooter.h */,
				FA7D4DC21B9DAF410053E39F /* CHGMeFooter.m */,
				FA7D4DC41B9DB52B0053E39F /* CHGSquareButton.h */,
				FA7D4DC51B9DB52B0053E39F /* CHGSquareButton.m */,
				FA1B7F8C1B9DD167004FD879 /* CHGClearCacheCell.h */,
				FA1B7F8D1B9DD167004FD879 /* CHGClearCacheCell.m */,
			);
			path = View;
			sourceTree = "<group>";
		};
		FA8237D71B95EC3600A4E7C8 /* New-新帖 */ = {
			isa = PBXGroup;
			children = (
				FA8237D81B95EC3600A4E7C8 /* Controller */,
				FA8237DB1B95EC3600A4E7C8 /* Model */,
				FA8237DC1B95EC3600A4E7C8 /* View */,
			);
			path = "New-新帖";
			sourceTree = "<group>";
		};
		FA8237D81B95EC3600A4E7C8 /* Controller */ = {
			isa = PBXGroup;
			children = (
				FA8237D91B95EC3600A4E7C8 /* CHGNewViewController.h */,
				FA8237DA1B95EC3600A4E7C8 /* CHGNewViewController.m */,
			);
			path = Controller;
			sourceTree = "<group>";
		};
		FA8237DB1B95EC3600A4E7C8 /* Model */ = {
			isa = PBXGroup;
			children = (
			);
			path = Model;
			sourceTree = "<group>";
		};
		FA8237DC1B95EC3600A4E7C8 /* View */ = {
			isa = PBXGroup;
			children = (
			);
			path = View;
			sourceTree = "<group>";
		};
		FA8237DD1B95EC3600A4E7C8 /* Other-其他 */ = {
			isa = PBXGroup;
			children = (
				FA8237DF1B95EC3600A4E7C8 /* AppDelegate.h */,
				FA8237E01B95EC3600A4E7C8 /* AppDelegate.m */,
				FA8237E11B95EC3600A4E7C8 /* main.m */,
				FA8237E21B95EC3600A4E7C8 /* PrefixHeader.pch */,
				FAA274601B9C8BB00086B332 /* CHGConst.h */,
				FAA274611B9C8BB00086B332 /* CHGConst.m */,
				FA8237DE1B95EC3600A4E7C8 /* Category-分类 */,
				FA8237E31B95EC3600A4E7C8 /* Controller */,
				FA8237E61B95EC3600A4E7C8 /* Model */,
				FA8237E71B95EC3600A4E7C8 /* View */,
			);
			path = "Other-其他";
			sourceTree = "<group>";
		};
		FA8237DE1B95EC3600A4E7C8 /* Category-分类 */ = {
			isa = PBXGroup;
			children = (
				FA8237EA1B95EC3600A4E7C8 /* UIBarButtonItem+CHGExtension.h */,
				FA8237EB1B95EC3600A4E7C8 /* UIBarButtonItem+CHGExtension.m */,
				FA8237EC1B95EC3600A4E7C8 /* UIView+CHGExtension.h */,
				FA8237ED1B95EC3600A4E7C8 /* UIView+CHGExtension.m */,
				FA99941B1B9C623C00CF4E83 /* UIImage+CHGExtension.h */,
				FA99941C1B9C623C00CF4E83 /* UIImage+CHGExtension.m */,
				FA99941E1B9C662A00CF4E83 /* UIImageView+CHGExtension.h */,
				FA99941F1B9C662A00CF4E83 /* UIImageView+CHGExtension.m */,
				FA1B7F891B9DCFED004FD879 /* NSString+CHGExtension.h */,
				FA1B7F8A1B9DCFED004FD879 /* NSString+CHGExtension.m */,
				FAC068881BA46ED900A7EAC9 /* UITextField+CHGExtension.h */,
				FAC068891BA46ED900A7EAC9 /* UITextField+CHGExtension.m */,
			);
			name = "Category-分类";
			path = Category;
			sourceTree = "<group>";
		};
		FA8237E31B95EC3600A4E7C8 /* Controller */ = {
			isa = PBXGroup;
			children = (
				FA8237E41B95EC3600A4E7C8 /* CHGTabBarController.h */,
				FA8237E51B95EC3600A4E7C8 /* CHGTabBarController.m */,
				FA8238011B95F59000A4E7C8 /* CHGNavigationController.h */,
				FA8238021B95F59000A4E7C8 /* CHGNavigationController.m */,
			);
			path = Controller;
			sourceTree = "<group>";
		};
		FA8237E61B95EC3600A4E7C8 /* Model */ = {
			isa = PBXGroup;
			children = (
			);
			path = Model;
			sourceTree = "<group>";
		};
		FA8237E71B95EC3600A4E7C8 /* View */ = {
			isa = PBXGroup;
			children = (
				FA8237E81B95EC3600A4E7C8 /* CHGTabBar.h */,
				FA8237E91B95EC3600A4E7C8 /* CHGTabBar.m */,
			);
			path = View;
			sourceTree = "<group>";
		};
		FAB68B7C1BA04B0100110FEA /* Publish-发布 */ = {
			isa = PBXGroup;
			children = (
				FAB68B7D1BA04B0100110FEA /* Controller */,
				FAB68B7E1BA04B0100110FEA /* View */,
			);
			path = "Publish-发布";
			sourceTree = "<group>";
		};
		FAB68B7D1BA04B0100110FEA /* Controller */ = {
			isa = PBXGroup;
			children = (
				FAB68B7F1BA04B3300110FEA /* CHGPublishViewController.h */,
				FAB68B801BA04B3300110FEA /* CHGPublishViewController.m */,
				FAB68B811BA04B3300110FEA /* CHGPublishViewController.xib */,
				FAF3F0461BA1178B008B46EC /* CHGPostWordViewController.h */,
				FAF3F0471BA1178B008B46EC /* CHGPostWordViewController.m */,
				FAC068851BA46B3D00A7EAC9 /* CHGAddTagViewController.h */,
				FAC068861BA46B3D00A7EAC9 /* CHGAddTagViewController.m */,
			);
			path = Controller;
			sourceTree = "<group>";
		};
		FAB68B7E1BA04B0100110FEA /* View */ = {
			isa = PBXGroup;
			children = (
				FAB68B841BA04E3D00110FEA /* CHGPublishButton.h */,
				FAB68B851BA04E3D00110FEA /* CHGPublishButton.m */,
				FAF3F04C1BA11CB7008B46EC /* CHGPlaceholderTextView.h */,
				FAF3F04D1BA11CB7008B46EC /* CHGPlaceholderTextView.m */,
				FAF3F04F1BA15BFD008B46EC /* CHGPlaceholderTextView2.h */,
				FAF3F0501BA15BFD008B46EC /* CHGPlaceholderTextView2.m */,
				FA8FA77D1BA2EF6D00AAD48A /* CHGPostWordToolbar.h */,
				FA8FA77E1BA2EF6D00AAD48A /* CHGPostWordToolbar.m */,
				FA8FA7801BA2EF8A00AAD48A /* CHGPostWordToolbar.xib */,
				FAC0688B1BA47DCF00A7EAC9 /* CHGTagButton.h */,
				FAC0688C1BA47DCF00A7EAC9 /* CHGTagButton.m */,
				FAC0688E1BA48BCA00A7EAC9 /* CHGTagTextField.h */,
				FAC0688F1BA48BCA00A7EAC9 /* CHGTagTextField.m */,
			);
			path = View;
			sourceTree = "<group>";
		};
		FACD16C61B95678B00339438 = {
			isa = PBXGroup;
			children = (
				FACD16D11B95678B00339438 /* CHG百思不得姐 */,
				FACD16EE1B95678B00339438 /* CHG百思不得姐Tests */,
				FACD16D01B95678B00339438 /* Products */,
				1AC85A5BA1A7043A97F5BE53 /* Pods */,
				C987F3E210039E0D8D340CB8 /* Frameworks */,
			);
			sourceTree = "<group>";
		};
		FACD16D01B95678B00339438 /* Products */ = {
			isa = PBXGroup;
			children = (
				FACD16CF1B95678B00339438 /* CHG百思不得姐.app */,
				FACD16EB1B95678B00339438 /* CHG百思不得姐Tests.xctest */,
			);
			name = Products;
			sourceTree = "<group>";
		};
		FACD16D11B95678B00339438 /* CHG百思不得姐 */ = {
			isa = PBXGroup;
			children = (
				FA8237C01B95EC3600A4E7C8 /* Classes */,
				FACD16D21B95678B00339438 /* Supporting Files */,
			);
			path = "CHG百思不得姐";
			sourceTree = "<group>";
		};
		FACD16D21B95678B00339438 /* Supporting Files */ = {
			isa = PBXGroup;
			children = (
				FACD16E21B95678B00339438 /* Images.xcassets */,
				FACD16D91B95678B00339438 /* CHG_____.xcdatamodeld */,
				FACD16D31B95678B00339438 /* Info.plist */,
			);
			name = "Supporting Files";
			sourceTree = "<group>";
		};
		FACD16EE1B95678B00339438 /* CHG百思不得姐Tests */ = {
			isa = PBXGroup;
			children = (
				FACD16F11B95678B00339438 /* CHG_____Tests.m */,
				FACD16EF1B95678B00339438 /* Supporting Files */,
			);
			path = "CHG百思不得姐Tests";
			sourceTree = "<group>";
		};
		FACD16EF1B95678B00339438 /* Supporting Files */ = {
			isa = PBXGroup;
			children = (
				FACD16F01B95678B00339438 /* Info.plist */,
			);
			name = "Supporting Files";
			sourceTree = "<group>";
		};
/* End PBXGroup section */

/* Begin PBXNativeTarget section */
		FACD16CE1B95678B00339438 /* CHG百思不得姐 */ = {
			isa = PBXNativeTarget;
			buildConfigurationList = FACD16F51B95678B00339438 /* Build configuration list for PBXNativeTarget "CHG百思不得姐" */;
			buildPhases = (
				F66636FC242ACD41927EB4AC /* Check Pods Manifest.lock */,
				FACD16CB1B95678B00339438 /* Sources */,
				FACD16CC1B95678B00339438 /* Frameworks */,
				FACD16CD1B95678B00339438 /* Resources */,
				960DA2A9350D77808F5991CB /* Copy Pods Resources */,
			);
			buildRules = (
			);
			dependencies = (
			);
			name = "CHG百思不得姐";
			productName = "CHG百思不得姐";
			productReference = FACD16CF1B95678B00339438 /* CHG百思不得姐.app */;
			productType = "com.apple.product-type.application";
		};
		FACD16EA1B95678B00339438 /* CHG百思不得姐Tests */ = {
			isa = PBXNativeTarget;
			buildConfigurationList = FACD16F81B95678B00339438 /* Build configuration list for PBXNativeTarget "CHG百思不得姐Tests" */;
			buildPhases = (
				FACD16E71B95678B00339438 /* Sources */,
				FACD16E81B95678B00339438 /* Frameworks */,
				FACD16E91B95678B00339438 /* Resources */,
			);
			buildRules = (
			);
			dependencies = (
				FACD16ED1B95678B00339438 /* PBXTargetDependency */,
			);
			name = "CHG百思不得姐Tests";
			productName = "CHG百思不得姐Tests";
			productReference = FACD16EB1B95678B00339438 /* CHG百思不得姐Tests.xctest */;
			productType = "com.apple.product-type.bundle.unit-test";
		};
/* End PBXNativeTarget section */

/* Begin PBXProject section */
		FACD16C71B95678B00339438 /* Project object */ = {
			isa = PBXProject;
			attributes = {
				CLASSPREFIX = CHG;
				LastUpgradeCheck = 0630;
				ORGANIZATIONNAME = "陈弘根";
				TargetAttributes = {
					FACD16CE1B95678B00339438 = {
						CreatedOnToolsVersion = 6.3.1;
					};
					FACD16EA1B95678B00339438 = {
						CreatedOnToolsVersion = 6.3.1;
						TestTargetID = FACD16CE1B95678B00339438;
					};
				};
			};
			buildConfigurationList = FACD16CA1B95678B00339438 /* Build configuration list for PBXProject "CHG百思不得姐" */;
			compatibilityVersion = "Xcode 3.2";
			developmentRegion = English;
			hasScannedForEncodings = 0;
			knownRegions = (
				en,
				Base,
			);
			mainGroup = FACD16C61B95678B00339438;
			productRefGroup = FACD16D01B95678B00339438 /* Products */;
			projectDirPath = "";
			projectRoot = "";
			targets = (
				FACD16CE1B95678B00339438 /* CHG百思不得姐 */,
				FACD16EA1B95678B00339438 /* CHG百思不得姐Tests */,
			);
		};
/* End PBXProject section */

/* Begin PBXResourcesBuildPhase section */
		FACD16CD1B95678B00339438 /* Resources */ = {
			isa = PBXResourcesBuildPhase;
			buildActionMask = 2147483647;
			files = (
				FAA42F3F1B9BBFBD006145C6 /* CHGRecommendCategoryCell.xib in Resources */,
				FA8238081B95F9AE00A4E7C8 /* CHGRecommendController.xib in Resources */,
				FACD16E31B95678B00339438 /* Images.xcassets in Resources */,
				FA9A97371B96A45E00EF0EB6 /* CHGLoginRegisterViewController.xib in Resources */,
				FA7D4DCB1B9DBE430053E39F /* CHGWebViewController.xib in Resources */,
				FAB68B831BA04B3300110FEA /* CHGPublishViewController.xib in Resources */,
				FA9994171B9C4F1800CF4E83 /* CHGTagViewCell.xib in Resources */,
				FA8238001B95F12D00A4E7C8 /* CHGFriendTrendsViewController.xib in Resources */,
				FA8FA7811BA2EF8A00AAD48A /* CHGPostWordToolbar.xib in Resources */,
				FAF1BD561BA6ECA10071C8B8 /* CHGTopicCell.xib in Resources */,
			);
			runOnlyForDeploymentPostprocessing = 0;
		};
		FACD16E91B95678B00339438 /* Resources */ = {
			isa = PBXResourcesBuildPhase;
			buildActionMask = 2147483647;
			files = (
			);
			runOnlyForDeploymentPostprocessing = 0;
		};
/* End PBXResourcesBuildPhase section */

/* Begin PBXShellScriptBuildPhase section */
		960DA2A9350D77808F5991CB /* Copy Pods Resources */ = {
			isa = PBXShellScriptBuildPhase;
			buildActionMask = 2147483647;
			files = (
			);
			inputPaths = (
			);
			name = "Copy Pods Resources";
			outputPaths = (
			);
			runOnlyForDeploymentPostprocessing = 0;
			shellPath = /bin/sh;
			shellScript = "\"${SRCROOT}/Pods/Target Support Files/Pods/Pods-resources.sh\"\n";
			showEnvVarsInLog = 0;
		};
		F66636FC242ACD41927EB4AC /* Check Pods Manifest.lock */ = {
			isa = PBXShellScriptBuildPhase;
			buildActionMask = 2147483647;
			files = (
			);
			inputPaths = (
			);
			name = "Check Pods Manifest.lock";
			outputPaths = (
			);
			runOnlyForDeploymentPostprocessing = 0;
			shellPath = /bin/sh;
			shellScript = "diff \"${PODS_ROOT}/../Podfile.lock\" \"${PODS_ROOT}/Manifest.lock\" > /dev/null\nif [[ $? != 0 ]] ; then\n    cat << EOM\nerror: The sandbox is not in sync with the Podfile.lock. Run 'pod install' or update your CocoaPods installation.\nEOM\n    exit 1\nfi\n";
			showEnvVarsInLog = 0;
		};
/* End PBXShellScriptBuildPhase section */

/* Begin PBXSourcesBuildPhase section */
		FACD16CB1B95678B00339438 /* Sources */ = {
			isa = PBXSourcesBuildPhase;
			buildActionMask = 2147483647;
			files = (
				FAC0688D1BA47DCF00A7EAC9 /* CHGTagButton.m in Sources */,
				FA8237F31B95EC3600A4E7C8 /* CHGNewViewController.m in Sources */,
				FA8237EF1B95EC3600A4E7C8 /* CHGTagViewController.m in Sources */,
				FA6A0F9F1BA5DFFB003F2E48 /* CHGAllViewController.m in Sources */,
				FA8238071B95F9AE00A4E7C8 /* CHGRecommendController.m in Sources */,
				FA7D4DC61B9DB52B0053E39F /* CHGSquareButton.m in Sources */,
				FA8237F71B95EC3600A4E7C8 /* CHGTabBar.m in Sources */,
				FA9A97361B96A45E00EF0EB6 /* CHGLoginRegisterViewController.m in Sources */,
				FA8237FF1B95F12D00A4E7C8 /* CHGFriendTrendsViewController.m in Sources */,
				FA03E9101B9DA6840027D475 /* CHGSquare.m in Sources */,
				FA6A0FA51BA5E023003F2E48 /* CHGVoiceViewController.m in Sources */,
				FA8237F61B95EC3600A4E7C8 /* CHGTabBarController.m in Sources */,
				FA8237F41B95EC3600A4E7C8 /* AppDelegate.m in Sources */,
				FACD16DB1B95678B00339438 /* CHG_____.xcdatamodeld in Sources */,
				FA575B961B99528800B5652F /* CHGLoginRegisterTextField.m in Sources */,
				FA8237F21B95EC3600A4E7C8 /* CHGSetingTableViewController.m in Sources */,
				FA8237F11B95EC3600A4E7C8 /* CHGMeViewController.m in Sources */,
				FAC0688A1BA46ED900A7EAC9 /* UITextField+CHGExtension.m in Sources */,
				FA6A0F9C1BA5D0B8003F2E48 /* CHGTitleButton.m in Sources */,
				FAC068871BA46B3D00A7EAC9 /* CHGAddTagViewController.m in Sources */,
				FAF3F0481BA1178B008B46EC /* CHGPostWordViewController.m in Sources */,
				FAF3F0511BA15BFD008B46EC /* CHGPlaceholderTextView2.m in Sources */,
				FA7D4DCA1B9DBE430053E39F /* CHGWebViewController.m in Sources */,
				FA6A0FA81BA5E038003F2E48 /* CHGPictureViewController.m in Sources */,
				FA8237F81B95EC3600A4E7C8 /* UIBarButtonItem+CHGExtension.m in Sources */,
				FAF1BD551BA6ECA10071C8B8 /* CHGTopicCell.m in Sources */,
				FA8238031B95F59000A4E7C8 /* CHGNavigationController.m in Sources */,
				FA7D4DC31B9DAF410053E39F /* CHGMeFooter.m in Sources */,
				FAA42F3A1B9BBF67006145C6 /* CHGRecommendCategory.m in Sources */,
				FAF3F04E1BA11CB7008B46EC /* CHGPlaceholderTextView.m in Sources */,
				FA99941D1B9C623C00CF4E83 /* UIImage+CHGExtension.m in Sources */,
				FA03E90D1B9DA66B0027D475 /* CHGMeCell.m in Sources */,
				FA6A0FAB1BA5E046003F2E48 /* CHGWordViewController.m in Sources */,
				FAA42F3E1B9BBFBD006145C6 /* CHGRecommendCategoryCell.m in Sources */,
				FA5B04791B98AD9800FE4D92 /* CHGQuickLoginButton.m in Sources */,
				FA8237EE1B95EC3600A4E7C8 /* CHGEssenceViewController.m in Sources */,
				FA6A0FA21BA5E011003F2E48 /* CHGVideoViewController.m in Sources */,
				FAA274621B9C8BB00086B332 /* CHGConst.m in Sources */,
				FA9994201B9C662A00CF4E83 /* UIImageView+CHGExtension.m in Sources */,
				FAB68B861BA04E3D00110FEA /* CHGPublishButton.m in Sources */,
				FAB68B821BA04B3300110FEA /* CHGPublishViewController.m in Sources */,
				FA9994161B9C4F1800CF4E83 /* CHGTagViewCell.m in Sources */,
				FA8FA77F1BA2EF6D00AAD48A /* CHGPostWordToolbar.m in Sources */,
				FA1B7F8E1B9DD167004FD879 /* CHGClearCacheCell.m in Sources */,
				FAF1BD591BA6ECBC0071C8B8 /* CHGTopic.m in Sources */,
				FA8237F51B95EC3600A4E7C8 /* main.m in Sources */,
				FA8237F91B95EC3600A4E7C8 /* UIView+CHGExtension.m in Sources */,
				FA9994121B9C4EE900CF4E83 /* CHGTag.m in Sources */,
				FA1B7F8B1B9DCFED004FD879 /* NSString+CHGExtension.m in Sources */,
				FAC068901BA48BCA00A7EAC9 /* CHGTagTextField.m in Sources */,
			);
			runOnlyForDeploymentPostprocessing = 0;
		};
		FACD16E71B95678B00339438 /* Sources */ = {
			isa = PBXSourcesBuildPhase;
			buildActionMask = 2147483647;
			files = (
				FACD16F21B95678B00339438 /* CHG_____Tests.m in Sources */,
			);
			runOnlyForDeploymentPostprocessing = 0;
		};
/* End PBXSourcesBuildPhase section */

/* Begin PBXTargetDependency section */
		FACD16ED1B95678B00339438 /* PBXTargetDependency */ = {
			isa = PBXTargetDependency;
			target = FACD16CE1B95678B00339438 /* CHG百思不得姐 */;
			targetProxy = FACD16EC1B95678B00339438 /* PBXContainerItemProxy */;
		};
/* End PBXTargetDependency section */

/* Begin XCBuildConfiguration section */
		FACD16F31B95678B00339438 /* Debug */ = {
			isa = XCBuildConfiguration;
			buildSettings = {
				ALWAYS_SEARCH_USER_PATHS = NO;
				CLANG_CXX_LANGUAGE_STANDARD = "gnu++0x";
				CLANG_CXX_LIBRARY = "libc++";
				CLANG_ENABLE_MODULES = YES;
				CLANG_ENABLE_OBJC_ARC = YES;
				CLANG_WARN_BOOL_CONVERSION = YES;
				CLANG_WARN_CONSTANT_CONVERSION = YES;
				CLANG_WARN_DIRECT_OBJC_ISA_USAGE = YES_ERROR;
				CLANG_WARN_EMPTY_BODY = YES;
				CLANG_WARN_ENUM_CONVERSION = YES;
				CLANG_WARN_INT_CONVERSION = YES;
				CLANG_WARN_OBJC_ROOT_CLASS = YES_ERROR;
				CLANG_WARN_UNREACHABLE_CODE = YES;
				CLANG_WARN__DUPLICATE_METHOD_MATCH = YES;
				"CODE_SIGN_IDENTITY[sdk=iphoneos*]" = "iPhone Developer";
				COPY_PHASE_STRIP = NO;
				DEBUG_INFORMATION_FORMAT = "dwarf-with-dsym";
				ENABLE_STRICT_OBJC_MSGSEND = YES;
				GCC_C_LANGUAGE_STANDARD = gnu99;
				GCC_DYNAMIC_NO_PIC = NO;
				GCC_NO_COMMON_BLOCKS = YES;
				GCC_OPTIMIZATION_LEVEL = 0;
				GCC_PREPROCESSOR_DEFINITIONS = (
					"DEBUG=1",
					"$(inherited)",
				);
				GCC_SYMBOLS_PRIVATE_EXTERN = NO;
				GCC_WARN_64_TO_32_BIT_CONVERSION = YES;
				GCC_WARN_ABOUT_RETURN_TYPE = YES_ERROR;
				GCC_WARN_UNDECLARED_SELECTOR = YES;
				GCC_WARN_UNINITIALIZED_AUTOS = YES_AGGRESSIVE;
				GCC_WARN_UNUSED_FUNCTION = YES;
				GCC_WARN_UNUSED_VARIABLE = YES;
				IPHONEOS_DEPLOYMENT_TARGET = 8.3;
				MTL_ENABLE_DEBUG_INFO = YES;
				ONLY_ACTIVE_ARCH = YES;
				SDKROOT = iphoneos;
			};
			name = Debug;
		};
		FACD16F41B95678B00339438 /* Release */ = {
			isa = XCBuildConfiguration;
			buildSettings = {
				ALWAYS_SEARCH_USER_PATHS = NO;
				CLANG_CXX_LANGUAGE_STANDARD = "gnu++0x";
				CLANG_CXX_LIBRARY = "libc++";
				CLANG_ENABLE_MODULES = YES;
				CLANG_ENABLE_OBJC_ARC = YES;
				CLANG_WARN_BOOL_CONVERSION = YES;
				CLANG_WARN_CONSTANT_CONVERSION = YES;
				CLANG_WARN_DIRECT_OBJC_ISA_USAGE = YES_ERROR;
				CLANG_WARN_EMPTY_BODY = YES;
				CLANG_WARN_ENUM_CONVERSION = YES;
				CLANG_WARN_INT_CONVERSION = YES;
				CLANG_WARN_OBJC_ROOT_CLASS = YES_ERROR;
				CLANG_WARN_UNREACHABLE_CODE = YES;
				CLANG_WARN__DUPLICATE_METHOD_MATCH = YES;
				"CODE_SIGN_IDENTITY[sdk=iphoneos*]" = "iPhone Developer";
				COPY_PHASE_STRIP = NO;
				DEBUG_INFORMATION_FORMAT = "dwarf-with-dsym";
				ENABLE_NS_ASSERTIONS = NO;
				ENABLE_STRICT_OBJC_MSGSEND = YES;
				GCC_C_LANGUAGE_STANDARD = gnu99;
				GCC_NO_COMMON_BLOCKS = YES;
				GCC_WARN_64_TO_32_BIT_CONVERSION = YES;
				GCC_WARN_ABOUT_RETURN_TYPE = YES_ERROR;
				GCC_WARN_UNDECLARED_SELECTOR = YES;
				GCC_WARN_UNINITIALIZED_AUTOS = YES_AGGRESSIVE;
				GCC_WARN_UNUSED_FUNCTION = YES;
				GCC_WARN_UNUSED_VARIABLE = YES;
				IPHONEOS_DEPLOYMENT_TARGET = 8.3;
				MTL_ENABLE_DEBUG_INFO = NO;
				SDKROOT = iphoneos;
				VALIDATE_PRODUCT = YES;
			};
			name = Release;
		};
		FACD16F61B95678B00339438 /* Debug */ = {
			isa = XCBuildConfiguration;
			baseConfigurationReference = 6A6276C1327175266756C8BD /* Pods.debug.xcconfig */;
			buildSettings = {
				ASSETCATALOG_COMPILER_APPICON_NAME = AppIcon;
				ASSETCATALOG_COMPILER_LAUNCHIMAGE_NAME = LaunchImage;
				GCC_PREFIX_HEADER = "CHG百思不得姐/Classes/Other-其他/Category/PrefixHeader.pch";
				INFOPLIST_FILE = "CHG百思不得姐/Info.plist";
				LD_RUNPATH_SEARCH_PATHS = "$(inherited) @executable_path/Frameworks";
				PRODUCT_NAME = "$(TARGET_NAME)";
			};
			name = Debug;
		};
		FACD16F71B95678B00339438 /* Release */ = {
			isa = XCBuildConfiguration;
			baseConfigurationReference = 8DFE4000164BE05F311E5DDC /* Pods.release.xcconfig */;
			buildSettings = {
				ASSETCATALOG_COMPILER_APPICON_NAME = AppIcon;
				ASSETCATALOG_COMPILER_LAUNCHIMAGE_NAME = LaunchImage;
				GCC_PREFIX_HEADER = "CHG百思不得姐/Classes/Other-其他/Category/PrefixHeader.pch";
				INFOPLIST_FILE = "CHG百思不得姐/Info.plist";
				LD_RUNPATH_SEARCH_PATHS = "$(inherited) @executable_path/Frameworks";
				PRODUCT_NAME = "$(TARGET_NAME)";
			};
			name = Release;
		};
		FACD16F91B95678B00339438 /* Debug */ = {
			isa = XCBuildConfiguration;
			buildSettings = {
				BUNDLE_LOADER = "$(TEST_HOST)";
				FRAMEWORK_SEARCH_PATHS = (
					"$(SDKROOT)/Developer/Library/Frameworks",
					"$(inherited)",
				);
				GCC_PREPROCESSOR_DEFINITIONS = (
					"DEBUG=1",
					"$(inherited)",
				);
				INFOPLIST_FILE = "CHG百思不得姐Tests/Info.plist";
				LD_RUNPATH_SEARCH_PATHS = "$(inherited) @executable_path/Frameworks @loader_path/Frameworks";
				PRODUCT_NAME = "$(TARGET_NAME)";
				TEST_HOST = "$(BUILT_PRODUCTS_DIR)/CHG百思不得姐.app/CHG百思不得姐";
			};
			name = Debug;
		};
		FACD16FA1B95678B00339438 /* Release */ = {
			isa = XCBuildConfiguration;
			buildSettings = {
				BUNDLE_LOADER = "$(TEST_HOST)";
				FRAMEWORK_SEARCH_PATHS = (
					"$(SDKROOT)/Developer/Library/Frameworks",
					"$(inherited)",
				);
				INFOPLIST_FILE = "CHG百思不得姐Tests/Info.plist";
				LD_RUNPATH_SEARCH_PATHS = "$(inherited) @executable_path/Frameworks @loader_path/Frameworks";
				PRODUCT_NAME = "$(TARGET_NAME)";
				TEST_HOST = "$(BUILT_PRODUCTS_DIR)/CHG百思不得姐.app/CHG百思不得姐";
			};
			name = Release;
		};
/* End XCBuildConfiguration section */

/* Begin XCConfigurationList section */
		FACD16CA1B95678B00339438 /* Build configuration list for PBXProject "CHG百思不得姐" */ = {
			isa = XCConfigurationList;
			buildConfigurations = (
				FACD16F31B95678B00339438 /* Debug */,
				FACD16F41B95678B00339438 /* Release */,
			);
			defaultConfigurationIsVisible = 0;
			defaultConfigurationName = Release;
		};
		FACD16F51B95678B00339438 /* Build configuration list for PBXNativeTarget "CHG百思不得姐" */ = {
			isa = XCConfigurationList;
			buildConfigurations = (
				FACD16F61B95678B00339438 /* Debug */,
				FACD16F71B95678B00339438 /* Release */,
			);
			defaultConfigurationIsVisible = 0;
			defaultConfigurationName = Release;
		};
		FACD16F81B95678B00339438 /* Build configuration list for PBXNativeTarget "CHG百思不得姐Tests" */ = {
			isa = XCConfigurationList;
			buildConfigurations = (
				FACD16F91B95678B00339438 /* Debug */,
				FACD16FA1B95678B00339438 /* Release */,
			);
			defaultConfigurationIsVisible = 0;
			defaultConfigurationName = Release;
		};
/* End XCConfigurationList section */

/* Begin XCVersionGroup section */
		FACD16D91B95678B00339438 /* CHG_____.xcdatamodeld */ = {
			isa = XCVersionGroup;
			children = (
				FACD16DA1B95678B00339438 /* CHG_____.xcdatamodel */,
			);
			currentVersion = FACD16DA1B95678B00339438 /* CHG_____.xcdatamodel */;
			path = "CHG_____.xcdatamodeld";
			sourceTree = "<group>";
			versionGroupType = wrapper.xcdatamodel;
		};
/* End XCVersionGroup section */
	};
	rootObject = FACD16C71B95678B00339438 /* Project object */;
}
